{
    "_meta": {
        "hash": {
            "sha256": "5de2b13385aebd6082187a1a0621dad539b8473ca43f6769eac17a2def57e999"
        },
        "pipfile-spec": 6,
        "requires": {
            "python_version": "3.11"
        },
        "sources": [
            {
                "name": "pypi",
                "url": "https://pypi.org/simple",
                "verify_ssl": true
            }
        ]
    },
    "default": {
        "picamera": {
            "hashes": [
                "sha256:890815aa01e4d855a6a95dd3ad0953b872a6b954982106407df0c5a31a163e50"
            ],
            "index": "pypi",
            "version": "==1.13"
        }
    },
    "develop": {}
}
