{
    "_meta": {
        "hash": {
            "sha256": "5883327e9a20d751e02dff4cff391c51eab948a8e4eed6a47e56518e178c49f9"
        },
        "pipfile-spec": 6,
        "requires": {
            "python_version": "3"
        },
        "sources": [
            {
                "name": "pypi",
                "url": "https://pypi.org/simple",
                "verify_ssl": true
            }
        ]
    },
    "default": {
        "pyttsx3": {
            "hashes": [
                "sha256:b3fb4ca4d5ae4f8e6836d6b37bf5fee0fd51d157ffa27fb9064be6e7be3da37a",
                "sha256:cc609466151d8c4a69c1c765a945f893c00c1fd2569c2db55e17dc22121e9162"
            ],
            "index": "pypi",
            "version": "==2.98"
        }
    },
    "develop": {}
}
